
Microsoft Visual Studio Solution File, Format Version 12.00
# Visual Studio Version 17
VisualStudioVersion = 17.8.34309.116
MinimumVisualStudioVersion = 10.0.40219.1
Project("{9A19103F-16F7-4668-BE54-9A1E7A4F7556}") = "01.SecretChat", "01.SecretChat\01.SecretChat.csproj", "{03CE08E2-69AC-49E4-BBAE-109078B5216F}"
EndProject
Project("{9A19103F-16F7-4668-BE54-9A1E7A4F7556}") = "02.MirrorWords", "02.MirrorWords\02.MirrorWords.csproj", "{D3E8C9D9-F86C-4807-B6CE-FE0734AD02D3}"
EndProject
Project("{9A19103F-16F7-4668-BE54-9A1E7A4F7556}") = "02.FancyBarcodes", "02.FancyBarcodes\02.FancyBarcodes.csproj", "{90A7BDC2-8E32-4542-B3CE-7200397E94DB}"
EndProject
Project("{FAE04EC0-301F-11D3-BF4B-00C04F79EFBC}") = "03.Pirates", "03.Prates\03.Pirates.csproj", "{AC873A92-BB72-4F92-AFB0-54AB23A9301B}"
EndProject
Global
	GlobalSection(SolutionConfigurationPlatforms) = preSolution
		Debug|Any CPU = Debug|Any CPU
		Release|Any CPU = Release|Any CPU
	EndGlobalSection
	GlobalSection(ProjectConfigurationPlatforms) = postSolution
		{03CE08E2-69AC-49E4-BBAE-109078B5216F}.Debug|Any CPU.ActiveCfg = Debug|Any CPU
		{03CE08E2-69AC-49E4-BBAE-109078B5216F}.Debug|Any CPU.Build.0 = Debug|Any CPU
		{03CE08E2-69AC-49E4-BBAE-109078B5216F}.Release|Any CPU.ActiveCfg = Release|Any CPU
		{03CE08E2-69AC-49E4-BBAE-109078B5216F}.Release|Any CPU.Build.0 = Release|Any CPU
		{D3E8C9D9-F86C-4807-B6CE-FE0734AD02D3}.Debug|Any CPU.ActiveCfg = Debug|Any CPU
		{D3E8C9D9-F86C-4807-B6CE-FE0734AD02D3}.Debug|Any CPU.Build.0 = Debug|Any CPU
		{D3E8C9D9-F86C-4807-B6CE-FE0734AD02D3}.Release|Any CPU.ActiveCfg = Release|Any CPU
		{D3E8C9D9-F86C-4807-B6CE-FE0734AD02D3}.Release|Any CPU.Build.0 = Release|Any CPU
		{90A7BDC2-8E32-4542-B3CE-7200397E94DB}.Debug|Any CPU.ActiveCfg = Debug|Any CPU
		{90A7BDC2-8E32-4542-B3CE-7200397E94DB}.Debug|Any CPU.Build.0 = Debug|Any CPU
		{90A7BDC2-8E32-4542-B3CE-7200397E94DB}.Release|Any CPU.ActiveCfg = Release|Any CPU
		{90A7BDC2-8E32-4542-B3CE-7200397E94DB}.Release|Any CPU.Build.0 = Release|Any CPU
		{AC873A92-BB72-4F92-AFB0-54AB23A9301B}.Debug|Any CPU.ActiveCfg = Debug|Any CPU
		{AC873A92-BB72-4F92-AFB0-54AB23A9301B}.Debug|Any CPU.Build.0 = Debug|Any CPU
		{AC873A92-BB72-4F92-AFB0-54AB23A9301B}.Release|Any CPU.ActiveCfg = Release|Any CPU
		{AC873A92-BB72-4F92-AFB0-54AB23A9301B}.Release|Any CPU.Build.0 = Release|Any CPU
	EndGlobalSection
	GlobalSection(SolutionProperties) = preSolution
		HideSolutionNode = FALSE
	EndGlobalSection
	GlobalSection(ExtensibilityGlobals) = postSolution
		SolutionGuid = {C75A1FC1-963F-4EB6-9267-91002A1DD13A}
	EndGlobalSection
EndGlobal
